
Microsoft Visual Studio Solution File, Format Version 12.00
# Visual Studio Version 17
VisualStudioVersion = 17.0.31903.59
MinimumVisualStudioVersion = 10.0.40219.1
Project("{FAE04EC0-301F-11D3-BF4B-00C04F79EFBC}") = "MinimalAPI", "Api\MinimalAPI.csproj", "{ADD370CA-4E4F-41B0-84D6-C05E538B2B38}"
EndProject
Project("{FAE04EC0-301F-11D3-BF4B-00C04F79EFBC}") = "Test", "Test\Test.csproj", "{79FF0164-5473-4D7E-A9E7-B8D16F7CF179}"
EndProject
Global
	GlobalSection(SolutionConfigurationPlatforms) = preSolution
		Debug|Any CPU = Debug|Any CPU
		Release|Any CPU = Release|Any CPU
	EndGlobalSection
	GlobalSection(SolutionProperties) = preSolution
		HideSolutionNode = FALSE
	EndGlobalSection
	GlobalSection(ProjectConfigurationPlatforms) = postSolution
		{ADD370CA-4E4F-41B0-84D6-C05E538B2B38}.Debug|Any CPU.ActiveCfg = Debug|Any CPU
		{ADD370CA-4E4F-41B0-84D6-C05E538B2B38}.Debug|Any CPU.Build.0 = Debug|Any CPU
		{ADD370CA-4E4F-41B0-84D6-C05E538B2B38}.Release|Any CPU.ActiveCfg = Release|Any CPU
		{ADD370CA-4E4F-41B0-84D6-C05E538B2B38}.Release|Any CPU.Build.0 = Release|Any CPU
		{79FF0164-5473-4D7E-A9E7-B8D16F7CF179}.Debug|Any CPU.ActiveCfg = Debug|Any CPU
		{79FF0164-5473-4D7E-A9E7-B8D16F7CF179}.Debug|Any CPU.Build.0 = Debug|Any CPU
		{79FF0164-5473-4D7E-A9E7-B8D16F7CF179}.Release|Any CPU.ActiveCfg = Release|Any CPU
		{79FF0164-5473-4D7E-A9E7-B8D16F7CF179}.Release|Any CPU.Build.0 = Release|Any CPU
	EndGlobalSection
EndGlobal
